// !$*UTF8*$!
{
	archiveVersion = 1;
	classes = {
	};
	objectVersion = 50;
	objects = {

/* Begin PBXBuildFile section */
		2C304292253DCD5E00A9D752 /* RxSwift.framework in Frameworks */ = {isa = PBXBuildFile; fileRef = 2C304291253DCD5E00A9D752 /* RxSwift.framework */; };
		2C304297253DCDC400A9D752 /* RxCocoa.framework in Frameworks */ = {isa = PBXBuildFile; fileRef = 2C304296253DCDC400A9D752 /* RxCocoa.framework */; };
		2C304299253DCDDD00A9D752 /* RxRelay.framework in Frameworks */ = {isa = PBXBuildFile; fileRef = 2C304298253DCDDD00A9D752 /* RxRelay.framework */; };
		2C48A13C253C290000B6035F /* ArticleViewController.swift in Sources */ = {isa = PBXBuildFile; fileRef = 2C48A13B253C290000B6035F /* ArticleViewController.swift */; };
		2C48A145253C2FE000B6035F /* ArticleViewController.swift in Sources */ = {isa = PBXBuildFile; fileRef = 2C48A13B253C290000B6035F /* ArticleViewController.swift */; };
		2C48A146253C2FE000B6035F /* ArticleViewController.swift in Sources */ = {isa = PBXBuildFile; fileRef = 2C48A13B253C290000B6035F /* ArticleViewController.swift */; };
		2C49E17E253883F700A3146B /* AppDelegate.swift in Sources */ = {isa = PBXBuildFile; fileRef = 2C49E17D253883F700A3146B /* AppDelegate.swift */; };
		2C49E180253883F700A3146B /* SceneDelegate.swift in Sources */ = {isa = PBXBuildFile; fileRef = 2C49E17F253883F700A3146B /* SceneDelegate.swift */; };
		2C49E185253883F700A3146B /* Main.storyboard in Resources */ = {isa = PBXBuildFile; fileRef = 2C49E183253883F700A3146B /* Main.storyboard */; };
		2C49E187253883FD00A3146B /* Assets.xcassets in Resources */ = {isa = PBXBuildFile; fileRef = 2C49E186253883FD00A3146B /* Assets.xcassets */; };
		2C49E18A253883FD00A3146B /* LaunchScreen.storyboard in Resources */ = {isa = PBXBuildFile; fileRef = 2C49E188253883FD00A3146B /* LaunchScreen.storyboard */; };
		2C49E195253883FD00A3146B /* QiitaSearchTests.swift in Sources */ = {isa = PBXBuildFile; fileRef = 2C49E194253883FD00A3146B /* QiitaSearchTests.swift */; };
		2C49E1A0253883FD00A3146B /* QiitaSearchUITests.swift in Sources */ = {isa = PBXBuildFile; fileRef = 2C49E19F253883FD00A3146B /* QiitaSearchUITests.swift */; };
		2C49E1B6253887A300A3146B /* Alamofire.framework in Frameworks */ = {isa = PBXBuildFile; fileRef = 2C49E1B5253887A300A3146B /* Alamofire.framework */; };
		2C49E1B8253887B800A3146B /* SwiftyJSON.framework in Frameworks */ = {isa = PBXBuildFile; fileRef = 2C49E1B7253887B800A3146B /* SwiftyJSON.framework */; };
		2C49E1C22538890B00A3146B /* ArticleListViewController.swift in Sources */ = {isa = PBXBuildFile; fileRef = 2C49E1C12538890B00A3146B /* ArticleListViewController.swift */; };
		2C49E1C32538890B00A3146B /* ArticleListViewController.swift in Sources */ = {isa = PBXBuildFile; fileRef = 2C49E1C12538890B00A3146B /* ArticleListViewController.swift */; };
		2C49E1C42538890B00A3146B /* ArticleListViewController.swift in Sources */ = {isa = PBXBuildFile; fileRef = 2C49E1C12538890B00A3146B /* ArticleListViewController.swift */; };
		2C75C603253F0DCE009070C1 /* ArticleListModel.swift in Sources */ = {isa = PBXBuildFile; fileRef = 2C75C602253F0DCE009070C1 /* ArticleListModel.swift */; };
		2C75C604253F0DCE009070C1 /* ArticleListModel.swift in Sources */ = {isa = PBXBuildFile; fileRef = 2C75C602253F0DCE009070C1 /* ArticleListModel.swift */; };
		2C75C605253F0DCE009070C1 /* ArticleListModel.swift in Sources */ = {isa = PBXBuildFile; fileRef = 2C75C602253F0DCE009070C1 /* ArticleListModel.swift */; };
		2C75C60A253F0EF1009070C1 /* ArticleListViewModel.swift in Sources */ = {isa = PBXBuildFile; fileRef = 2C75C609253F0EF1009070C1 /* ArticleListViewModel.swift */; };
		2C75C60B253F0EF1009070C1 /* ArticleListViewModel.swift in Sources */ = {isa = PBXBuildFile; fileRef = 2C75C609253F0EF1009070C1 /* ArticleListViewModel.swift */; };
		2C75C60C253F0EF1009070C1 /* ArticleListViewModel.swift in Sources */ = {isa = PBXBuildFile; fileRef = 2C75C609253F0EF1009070C1 /* ArticleListViewModel.swift */; };
		2C75C620253F162C009070C1 /* QiitaArticleAPI.swift in Sources */ = {isa = PBXBuildFile; fileRef = 2C75C61F253F162C009070C1 /* QiitaArticleAPI.swift */; };
		2C75C621253F162C009070C1 /* QiitaArticleAPI.swift in Sources */ = {isa = PBXBuildFile; fileRef = 2C75C61F253F162C009070C1 /* QiitaArticleAPI.swift */; };
		2C75C622253F162C009070C1 /* QiitaArticleAPI.swift in Sources */ = {isa = PBXBuildFile; fileRef = 2C75C61F253F162C009070C1 /* QiitaArticleAPI.swift */; };
		2C75C62D253F247C009070C1 /* ArticleTableViewCell.swift in Sources */ = {isa = PBXBuildFile; fileRef = 2C75C62C253F247C009070C1 /* ArticleTableViewCell.swift */; };
		2C75C62E253F247C009070C1 /* ArticleTableViewCell.swift in Sources */ = {isa = PBXBuildFile; fileRef = 2C75C62C253F247C009070C1 /* ArticleTableViewCell.swift */; };
		2C75C62F253F247C009070C1 /* ArticleTableViewCell.swift in Sources */ = {isa = PBXBuildFile; fileRef = 2C75C62C253F247C009070C1 /* ArticleTableViewCell.swift */; };
		2C75C636253F2A0D009070C1 /* RxArticleViewController.swift in Sources */ = {isa = PBXBuildFile; fileRef = 2C75C635253F2A0D009070C1 /* RxArticleViewController.swift */; };
		2C75C637253F2A0D009070C1 /* RxArticleViewController.swift in Sources */ = {isa = PBXBuildFile; fileRef = 2C75C635253F2A0D009070C1 /* RxArticleViewController.swift */; };
		2C75C638253F2A0D009070C1 /* RxArticleViewController.swift in Sources */ = {isa = PBXBuildFile; fileRef = 2C75C635253F2A0D009070C1 /* RxArticleViewController.swift */; };
/* End PBXBuildFile section */

/* Begin PBXContainerItemProxy section */
		2C49E191253883FD00A3146B /* PBXContainerItemProxy */ = {
			isa = PBXContainerItemProxy;
			containerPortal = 2C49E172253883F700A3146B /* Project object */;
			proxyType = 1;
			remoteGlobalIDString = 2C49E179253883F700A3146B;
			remoteInfo = QiitaSearch;
		};
		2C49E19C253883FD00A3146B /* PBXContainerItemProxy */ = {
			isa = PBXContainerItemProxy;
			containerPortal = 2C49E172253883F700A3146B /* Project object */;
			proxyType = 1;
			remoteGlobalIDString = 2C49E179253883F700A3146B;
			remoteInfo = QiitaSearch;
		};
/* End PBXContainerItemProxy section */

/* Begin PBXFileReference section */
		2C304291253DCD5E00A9D752 /* RxSwift.framework */ = {isa = PBXFileReference; lastKnownFileType = wrapper.framework; name = RxSwift.framework; path = Carthage/Build/iOS/RxSwift.framework; sourceTree = "<group>"; };
		2C304296253DCDC400A9D752 /* RxCocoa.framework */ = {isa = PBXFileReference; lastKnownFileType = wrapper.framework; name = RxCocoa.framework; path = Carthage/Build/iOS/RxCocoa.framework; sourceTree = "<group>"; };
		2C304298253DCDDD00A9D752 /* RxRelay.framework */ = {isa = PBXFileReference; lastKnownFileType = wrapper.framework; name = RxRelay.framework; path = Carthage/Build/iOS/RxRelay.framework; sourceTree = "<group>"; };
		2C48A13B253C290000B6035F /* ArticleViewController.swift */ = {isa = PBXFileReference; lastKnownFileType = sourcecode.swift; path = ArticleViewController.swift; sourceTree = "<group>"; };
		2C49E17A253883F700A3146B /* QiitaSearch.app */ = {isa = PBXFileReference; explicitFileType = wrapper.application; includeInIndex = 0; path = QiitaSearch.app; sourceTree = BUILT_PRODUCTS_DIR; };
		2C49E17D253883F700A3146B /* AppDelegate.swift */ = {isa = PBXFileReference; lastKnownFileType = sourcecode.swift; path = AppDelegate.swift; sourceTree = "<group>"; };
		2C49E17F253883F700A3146B /* SceneDelegate.swift */ = {isa = PBXFileReference; lastKnownFileType = sourcecode.swift; path = SceneDelegate.swift; sourceTree = "<group>"; };
		2C49E184253883F700A3146B /* Base */ = {isa = PBXFileReference; lastKnownFileType = file.storyboard; name = Base; path = Base.lproj/Main.storyboard; sourceTree = "<group>"; };
		2C49E186253883FD00A3146B /* Assets.xcassets */ = {isa = PBXFileReference; lastKnownFileType = folder.assetcatalog; path = Assets.xcassets; sourceTree = "<group>"; };
		2C49E189253883FD00A3146B /* Base */ = {isa = PBXFileReference; lastKnownFileType = file.storyboard; name = Base; path = Base.lproj/LaunchScreen.storyboard; sourceTree = "<group>"; };
		2C49E18B253883FD00A3146B /* Info.plist */ = {isa = PBXFileReference; lastKnownFileType = text.plist.xml; path = Info.plist; sourceTree = "<group>"; };
		2C49E190253883FD00A3146B /* QiitaSearchTests.xctest */ = {isa = PBXFileReference; explicitFileType = wrapper.cfbundle; includeInIndex = 0; path = QiitaSearchTests.xctest; sourceTree = BUILT_PRODUCTS_DIR; };
		2C49E194253883FD00A3146B /* QiitaSearchTests.swift */ = {isa = PBXFileReference; lastKnownFileType = sourcecode.swift; path = QiitaSearchTests.swift; sourceTree = "<group>"; };
		2C49E196253883FD00A3146B /* Info.plist */ = {isa = PBXFileReference; lastKnownFileType = text.plist.xml; path = Info.plist; sourceTree = "<group>"; };
		2C49E19B253883FD00A3146B /* QiitaSearchUITests.xctest */ = {isa = PBXFileReference; explicitFileType = wrapper.cfbundle; includeInIndex = 0; path = QiitaSearchUITests.xctest; sourceTree = BUILT_PRODUCTS_DIR; };
		2C49E19F253883FD00A3146B /* QiitaSearchUITests.swift */ = {isa = PBXFileReference; lastKnownFileType = sourcecode.swift; path = QiitaSearchUITests.swift; sourceTree = "<group>"; };
		2C49E1A1253883FD00A3146B /* Info.plist */ = {isa = PBXFileReference; lastKnownFileType = text.plist.xml; path = Info.plist; sourceTree = "<group>"; };
		2C49E1B0253885DD00A3146B /* Config.xcconfig */ = {isa = PBXFileReference; lastKnownFileType = text.xcconfig; path = Config.xcconfig; sourceTree = "<group>"; };
		2C49E1B5253887A300A3146B /* Alamofire.framework */ = {isa = PBXFileReference; lastKnownFileType = wrapper.framework; name = Alamofire.framework; path = Carthage/Build/iOS/Alamofire.framework; sourceTree = "<group>"; };
		2C49E1B7253887B800A3146B /* SwiftyJSON.framework */ = {isa = PBXFileReference; lastKnownFileType = wrapper.framework; name = SwiftyJSON.framework; path = Carthage/Build/iOS/SwiftyJSON.framework; sourceTree = "<group>"; };
		2C49E1C12538890B00A3146B /* ArticleListViewController.swift */ = {isa = PBXFileReference; lastKnownFileType = sourcecode.swift; path = ArticleListViewController.swift; sourceTree = "<group>"; };
		2C75C602253F0DCE009070C1 /* ArticleListModel.swift */ = {isa = PBXFileReference; lastKnownFileType = sourcecode.swift; path = ArticleListModel.swift; sourceTree = "<group>"; };
		2C75C609253F0EF1009070C1 /* ArticleListViewModel.swift */ = {isa = PBXFileReference; lastKnownFileType = sourcecode.swift; path = ArticleListViewModel.swift; sourceTree = "<group>"; };
		2C75C61F253F162C009070C1 /* QiitaArticleAPI.swift */ = {isa = PBXFileReference; lastKnownFileType = sourcecode.swift; path = QiitaArticleAPI.swift; sourceTree = "<group>"; };
		2C75C62C253F247C009070C1 /* ArticleTableViewCell.swift */ = {isa = PBXFileReference; lastKnownFileType = sourcecode.swift; path = ArticleTableViewCell.swift; sourceTree = "<group>"; };
		2C75C635253F2A0D009070C1 /* RxArticleViewController.swift */ = {isa = PBXFileReference; lastKnownFileType = sourcecode.swift; path = RxArticleViewController.swift; sourceTree = "<group>"; };
/* End PBXFileReference section */

/* Begin PBXFrameworksBuildPhase section */
		2C49E177253883F700A3146B /* Frameworks */ = {
			isa = PBXFrameworksBuildPhase;
			buildActionMask = 2147483647;
			files = (
				2C304299253DCDDD00A9D752 /* RxRelay.framework in Frameworks */,
				2C304297253DCDC400A9D752 /* RxCocoa.framework in Frameworks */,
				2C304292253DCD5E00A9D752 /* RxSwift.framework in Frameworks */,
				2C49E1B8253887B800A3146B /* SwiftyJSON.framework in Frameworks */,
				2C49E1B6253887A300A3146B /* Alamofire.framework in Frameworks */,
			);
			runOnlyForDeploymentPostprocessing = 0;
		};
		2C49E18D253883FD00A3146B /* Frameworks */ = {
			isa = PBXFrameworksBuildPhase;
			buildActionMask = 2147483647;
			files = (
			);
			runOnlyForDeploymentPostprocessing = 0;
		};
		2C49E198253883FD00A3146B /* Frameworks */ = {
			isa = PBXFrameworksBuildPhase;
			buildActionMask = 2147483647;
			files = (
			);
			runOnlyForDeploymentPostprocessing = 0;
		};
/* End PBXFrameworksBuildPhase section */

/* Begin PBXGroup section */
		2C48A144253C2FD600B6035F /* ViewController */ = {
			isa = PBXGroup;
			children = (
				2C49E1C12538890B00A3146B /* ArticleListViewController.swift */,
				2C48A13B253C290000B6035F /* ArticleViewController.swift */,
			);
			path = ViewController;
			sourceTree = "<group>";
		};
		2C49E171253883F700A3146B = {
			isa = PBXGroup;
			children = (
				2C49E1B0253885DD00A3146B /* Config.xcconfig */,
				2C49E17C253883F700A3146B /* QiitaSearch */,
				2C49E193253883FD00A3146B /* QiitaSearchTests */,
				2C49E19E253883FD00A3146B /* QiitaSearchUITests */,
				2C49E17B253883F700A3146B /* Products */,
				2C49E1B4253887A300A3146B /* Frameworks */,
			);
			sourceTree = "<group>";
		};
		2C49E17B253883F700A3146B /* Products */ = {
			isa = PBXGroup;
			children = (
				2C49E17A253883F700A3146B /* QiitaSearch.app */,
				2C49E190253883FD00A3146B /* QiitaSearchTests.xctest */,
				2C49E19B253883FD00A3146B /* QiitaSearchUITests.xctest */,
			);
			name = Products;
			sourceTree = "<group>";
		};
		2C49E17C253883F700A3146B /* QiitaSearch */ = {
			isa = PBXGroup;
			children = (
				2C48A144253C2FD600B6035F /* ViewController */,
				2C49E17D253883F700A3146B /* AppDelegate.swift */,
				2C49E17F253883F700A3146B /* SceneDelegate.swift */,
				2C49E183253883F700A3146B /* Main.storyboard */,
				2C49E186253883FD00A3146B /* Assets.xcassets */,
				2C49E188253883FD00A3146B /* LaunchScreen.storyboard */,
				2C49E18B253883FD00A3146B /* Info.plist */,
				2C75C602253F0DCE009070C1 /* ArticleListModel.swift */,
				2C75C609253F0EF1009070C1 /* ArticleListViewModel.swift */,
				2C75C61F253F162C009070C1 /* QiitaArticleAPI.swift */,
				2C75C62C253F247C009070C1 /* ArticleTableViewCell.swift */,
				2C75C635253F2A0D009070C1 /* RxArticleViewController.swift */,
			);
			path = QiitaSearch;
			sourceTree = "<group>";
		};
		2C49E193253883FD00A3146B /* QiitaSearchTests */ = {
			isa = PBXGroup;
			children = (
				2C49E194253883FD00A3146B /* QiitaSearchTests.swift */,
				2C49E196253883FD00A3146B /* Info.plist */,
			);
			path = QiitaSearchTests;
			sourceTree = "<group>";
		};
		2C49E19E253883FD00A3146B /* QiitaSearchUITests */ = {
			isa = PBXGroup;
			children = (
				2C49E19F253883FD00A3146B /* QiitaSearchUITests.swift */,
				2C49E1A1253883FD00A3146B /* Info.plist */,
			);
			path = QiitaSearchUITests;
			sourceTree = "<group>";
		};
		2C49E1B4253887A300A3146B /* Frameworks */ = {
			isa = PBXGroup;
			children = (
				2C304298253DCDDD00A9D752 /* RxRelay.framework */,
				2C304296253DCDC400A9D752 /* RxCocoa.framework */,
				2C304291253DCD5E00A9D752 /* RxSwift.framework */,
				2C49E1B7253887B800A3146B /* SwiftyJSON.framework */,
				2C49E1B5253887A300A3146B /* Alamofire.framework */,
			);
			name = Frameworks;
			sourceTree = "<group>";
		};
/* End PBXGroup section */

/* Begin PBXNativeTarget section */
		2C49E179253883F700A3146B /* QiitaSearch */ = {
			isa = PBXNativeTarget;
			buildConfigurationList = 2C49E1A4253883FD00A3146B /* Build configuration list for PBXNativeTarget "QiitaSearch" */;
			buildPhases = (
				2C49E176253883F700A3146B /* Sources */,
				2C49E177253883F700A3146B /* Frameworks */,
				2C49E178253883F700A3146B /* Resources */,
				2C49E1BA253887ED00A3146B /* ShellScript */,
			);
			buildRules = (
			);
			dependencies = (
			);
			name = QiitaSearch;
			productName = QiitaSearch;
			productReference = 2C49E17A253883F700A3146B /* QiitaSearch.app */;
			productType = "com.apple.product-type.application";
		};
		2C49E18F253883FD00A3146B /* QiitaSearchTests */ = {
			isa = PBXNativeTarget;
			buildConfigurationList = 2C49E1A7253883FD00A3146B /* Build configuration list for PBXNativeTarget "QiitaSearchTests" */;
			buildPhases = (
				2C49E18C253883FD00A3146B /* Sources */,
				2C49E18D253883FD00A3146B /* Frameworks */,
				2C49E18E253883FD00A3146B /* Resources */,
			);
			buildRules = (
			);
			dependencies = (
				2C49E192253883FD00A3146B /* PBXTargetDependency */,
			);
			name = QiitaSearchTests;
			productName = QiitaSearchTests;
			productReference = 2C49E190253883FD00A3146B /* QiitaSearchTests.xctest */;
			productType = "com.apple.product-type.bundle.unit-test";
		};
		2C49E19A253883FD00A3146B /* QiitaSearchUITests */ = {
			isa = PBXNativeTarget;
			buildConfigurationList = 2C49E1AA253883FD00A3146B /* Build configuration list for PBXNativeTarget "QiitaSearchUITests" */;
			buildPhases = (
				2C49E197253883FD00A3146B /* Sources */,
				2C49E198253883FD00A3146B /* Frameworks */,
				2C49E199253883FD00A3146B /* Resources */,
			);
			buildRules = (
			);
			dependencies = (
				2C49E19D253883FD00A3146B /* PBXTargetDependency */,
			);
			name = QiitaSearchUITests;
			productName = QiitaSearchUITests;
			productReference = 2C49E19B253883FD00A3146B /* QiitaSearchUITests.xctest */;
			productType = "com.apple.product-type.bundle.ui-testing";
		};
/* End PBXNativeTarget section */

/* Begin PBXProject section */
		2C49E172253883F700A3146B /* Project object */ = {
			isa = PBXProject;
			attributes = {
				LastSwiftUpdateCheck = 1200;
				LastUpgradeCheck = 1200;
				TargetAttributes = {
					2C49E179253883F700A3146B = {
						CreatedOnToolsVersion = 12.0.1;
					};
					2C49E18F253883FD00A3146B = {
						CreatedOnToolsVersion = 12.0.1;
						TestTargetID = 2C49E179253883F700A3146B;
					};
					2C49E19A253883FD00A3146B = {
						CreatedOnToolsVersion = 12.0.1;
						TestTargetID = 2C49E179253883F700A3146B;
					};
				};
			};
			buildConfigurationList = 2C49E175253883F700A3146B /* Build configuration list for PBXProject "QiitaSearch" */;
			compatibilityVersion = "Xcode 9.3";
			developmentRegion = en;
			hasScannedForEncodings = 0;
			knownRegions = (
				en,
				Base,
			);
			mainGroup = 2C49E171253883F700A3146B;
			productRefGroup = 2C49E17B253883F700A3146B /* Products */;
			projectDirPath = "";
			projectRoot = "";
			targets = (
				2C49E179253883F700A3146B /* QiitaSearch */,
				2C49E18F253883FD00A3146B /* QiitaSearchTests */,
				2C49E19A253883FD00A3146B /* QiitaSearchUITests */,
			);
		};
/* End PBXProject section */

/* Begin PBXResourcesBuildPhase section */
		2C49E178253883F700A3146B /* Resources */ = {
			isa = PBXResourcesBuildPhase;
			buildActionMask = 2147483647;
			files = (
				2C49E18A253883FD00A3146B /* LaunchScreen.storyboard in Resources */,
				2C49E187253883FD00A3146B /* Assets.xcassets in Resources */,
				2C49E185253883F700A3146B /* Main.storyboard in Resources */,
			);
			runOnlyForDeploymentPostprocessing = 0;
		};
		2C49E18E253883FD00A3146B /* Resources */ = {
			isa = PBXResourcesBuildPhase;
			buildActionMask = 2147483647;
			files = (
			);
			runOnlyForDeploymentPostprocessing = 0;
		};
		2C49E199253883FD00A3146B /* Resources */ = {
			isa = PBXResourcesBuildPhase;
			buildActionMask = 2147483647;
			files = (
			);
			runOnlyForDeploymentPostprocessing = 0;
		};
/* End PBXResourcesBuildPhase section */

/* Begin PBXShellScriptBuildPhase section */
		2C49E1BA253887ED00A3146B /* ShellScript */ = {
			isa = PBXShellScriptBuildPhase;
			buildActionMask = 2147483647;
			files = (
			);
			inputFileListPaths = (
			);
			inputPaths = (
				"$(SRCROOT)/Carthage/Build/iOS/Alamofire.framework",
				"$(SRCROOT)/Carthage/Build/iOS/SwiftyJSON.framework",
				"$(SRCROOT)/Carthage/Build/iOS/RxSwift.framework",
				"$(SRCROOT)/Carthage/Build/iOS/RxCocoa.framework",
				"$(SRCROOT)/Carthage/Build/iOS/RxRelay.framework",
			);
			outputFileListPaths = (
			);
			outputPaths = (
			);
			runOnlyForDeploymentPostprocessing = 0;
			shellPath = /bin/sh;
			shellScript = "# Type a script or drag a script file from your workspace to insert its path.\n/usr/local/bin/carthage copy-frameworks\n";
		};
/* End PBXShellScriptBuildPhase section */

/* Begin PBXSourcesBuildPhase section */
		2C49E176253883F700A3146B /* Sources */ = {
			isa = PBXSourcesBuildPhase;
			buildActionMask = 2147483647;
			files = (
				2C75C603253F0DCE009070C1 /* ArticleListModel.swift in Sources */,
				2C75C60A253F0EF1009070C1 /* ArticleListViewModel.swift in Sources */,
				2C75C636253F2A0D009070C1 /* RxArticleViewController.swift in Sources */,
				2C49E1C22538890B00A3146B /* ArticleListViewController.swift in Sources */,
				2C48A13C253C290000B6035F /* ArticleViewController.swift in Sources */,
				2C75C62D253F247C009070C1 /* ArticleTableViewCell.swift in Sources */,
				2C75C620253F162C009070C1 /* QiitaArticleAPI.swift in Sources */,
				2C49E17E253883F700A3146B /* AppDelegate.swift in Sources */,
				2C49E180253883F700A3146B /* SceneDelegate.swift in Sources */,
			);
			runOnlyForDeploymentPostprocessing = 0;
		};
		2C49E18C253883FD00A3146B /* Sources */ = {
			isa = PBXSourcesBuildPhase;
			buildActionMask = 2147483647;
			files = (
				2C49E195253883FD00A3146B /* QiitaSearchTests.swift in Sources */,
				2C48A145253C2FE000B6035F /* ArticleViewController.swift in Sources */,
				2C75C604253F0DCE009070C1 /* ArticleListModel.swift in Sources */,
				2C75C621253F162C009070C1 /* QiitaArticleAPI.swift in Sources */,
				2C49E1C32538890B00A3146B /* ArticleListViewController.swift in Sources */,
				2C75C637253F2A0D009070C1 /* RxArticleViewController.swift in Sources */,
				2C75C62E253F247C009070C1 /* ArticleTableViewCell.swift in Sources */,
				2C75C60B253F0EF1009070C1 /* ArticleListViewModel.swift in Sources */,
			);
			runOnlyForDeploymentPostprocessing = 0;
		};
		2C49E197253883FD00A3146B /* Sources */ = {
			isa = PBXSourcesBuildPhase;
			buildActionMask = 2147483647;
			files = (
				2C49E1A0253883FD00A3146B /* QiitaSearchUITests.swift in Sources */,
				2C48A146253C2FE000B6035F /* ArticleViewController.swift in Sources */,
				2C75C605253F0DCE009070C1 /* ArticleListModel.swift in Sources */,
				2C75C622253F162C009070C1 /* QiitaArticleAPI.swift in Sources */,
				2C49E1C42538890B00A3146B /* ArticleListViewController.swift in Sources */,
				2C75C638253F2A0D009070C1 /* RxArticleViewController.swift in Sources */,
				2C75C62F253F247C009070C1 /* ArticleTableViewCell.swift in Sources */,
				2C75C60C253F0EF1009070C1 /* ArticleListViewModel.swift in Sources */,
			);
			runOnlyForDeploymentPostprocessing = 0;
		};
/* End PBXSourcesBuildPhase section */

/* Begin PBXTargetDependency section */
		2C49E192253883FD00A3146B /* PBXTargetDependency */ = {
			isa = PBXTargetDependency;
			target = 2C49E179253883F700A3146B /* QiitaSearch */;
			targetProxy = 2C49E191253883FD00A3146B /* PBXContainerItemProxy */;
		};
		2C49E19D253883FD00A3146B /* PBXTargetDependency */ = {
			isa = PBXTargetDependency;
			target = 2C49E179253883F700A3146B /* QiitaSearch */;
			targetProxy = 2C49E19C253883FD00A3146B /* PBXContainerItemProxy */;
		};
/* End PBXTargetDependency section */

/* Begin PBXVariantGroup section */
		2C49E183253883F700A3146B /* Main.storyboard */ = {
			isa = PBXVariantGroup;
			children = (
				2C49E184253883F700A3146B /* Base */,
			);
			name = Main.storyboard;
			sourceTree = "<group>";
		};
		2C49E188253883FD00A3146B /* LaunchScreen.storyboard */ = {
			isa = PBXVariantGroup;
			children = (
				2C49E189253883FD00A3146B /* Base */,
			);
			name = LaunchScreen.storyboard;
			sourceTree = "<group>";
		};
/* End PBXVariantGroup section */

/* Begin XCBuildConfiguration section */
		2C49E1A2253883FD00A3146B /* Debug */ = {
			isa = XCBuildConfiguration;
			buildSettings = {
				ALWAYS_SEARCH_USER_PATHS = NO;
				CLANG_ANALYZER_NONNULL = YES;
				CLANG_ANALYZER_NUMBER_OBJECT_CONVERSION = YES_AGGRESSIVE;
				CLANG_CXX_LANGUAGE_STANDARD = "gnu++14";
				CLANG_CXX_LIBRARY = "libc++";
				CLANG_ENABLE_MODULES = YES;
				CLANG_ENABLE_OBJC_ARC = YES;
				CLANG_ENABLE_OBJC_WEAK = YES;
				CLANG_WARN_BLOCK_CAPTURE_AUTORELEASING = YES;
				CLANG_WARN_BOOL_CONVERSION = YES;
				CLANG_WARN_COMMA = YES;
				CLANG_WARN_CONSTANT_CONVERSION = YES;
				CLANG_WARN_DEPRECATED_OBJC_IMPLEMENTATIONS = YES;
				CLANG_WARN_DIRECT_OBJC_ISA_USAGE = YES_ERROR;
				CLANG_WARN_DOCUMENTATION_COMMENTS = YES;
				CLANG_WARN_EMPTY_BODY = YES;
				CLANG_WARN_ENUM_CONVERSION = YES;
				CLANG_WARN_INFINITE_RECURSION = YES;
				CLANG_WARN_INT_CONVERSION = YES;
				CLANG_WARN_NON_LITERAL_NULL_CONVERSION = YES;
				CLANG_WARN_OBJC_IMPLICIT_RETAIN_SELF = YES;
				CLANG_WARN_OBJC_LITERAL_CONVERSION = YES;
				CLANG_WARN_OBJC_ROOT_CLASS = YES_ERROR;
				CLANG_WARN_QUOTED_INCLUDE_IN_FRAMEWORK_HEADER = YES;
				CLANG_WARN_RANGE_LOOP_ANALYSIS = YES;
				CLANG_WARN_STRICT_PROTOTYPES = YES;
				CLANG_WARN_SUSPICIOUS_MOVE = YES;
				CLANG_WARN_UNGUARDED_AVAILABILITY = YES_AGGRESSIVE;
				CLANG_WARN_UNREACHABLE_CODE = YES;
				CLANG_WARN__DUPLICATE_METHOD_MATCH = YES;
				COPY_PHASE_STRIP = NO;
				DEBUG_INFORMATION_FORMAT = dwarf;
				ENABLE_STRICT_OBJC_MSGSEND = YES;
				ENABLE_TESTABILITY = YES;
				GCC_C_LANGUAGE_STANDARD = gnu11;
				GCC_DYNAMIC_NO_PIC = NO;
				GCC_NO_COMMON_BLOCKS = YES;
				GCC_OPTIMIZATION_LEVEL = 0;
				GCC_PREPROCESSOR_DEFINITIONS = (
					"DEBUG=1",
					"$(inherited)",
				);
				GCC_WARN_64_TO_32_BIT_CONVERSION = YES;
				GCC_WARN_ABOUT_RETURN_TYPE = YES_ERROR;
				GCC_WARN_UNDECLARED_SELECTOR = YES;
				GCC_WARN_UNINITIALIZED_AUTOS = YES_AGGRESSIVE;
				GCC_WARN_UNUSED_FUNCTION = YES;
				GCC_WARN_UNUSED_VARIABLE = YES;
				IPHONEOS_DEPLOYMENT_TARGET = 14.0;
				MTL_ENABLE_DEBUG_INFO = INCLUDE_SOURCE;
				MTL_FAST_MATH = YES;
				ONLY_ACTIVE_ARCH = YES;
				SDKROOT = iphoneos;
				SWIFT_ACTIVE_COMPILATION_CONDITIONS = DEBUG;
				SWIFT_OPTIMIZATION_LEVEL = "-Onone";
			};
			name = Debug;
		};
		2C49E1A3253883FD00A3146B /* Release */ = {
			isa = XCBuildConfiguration;
			buildSettings = {
				ALWAYS_SEARCH_USER_PATHS = NO;
				CLANG_ANALYZER_NONNULL = YES;
				CLANG_ANALYZER_NUMBER_OBJECT_CONVERSION = YES_AGGRESSIVE;
				CLANG_CXX_LANGUAGE_STANDARD = "gnu++14";
				CLANG_CXX_LIBRARY = "libc++";
				CLANG_ENABLE_MODULES = YES;
				CLANG_ENABLE_OBJC_ARC = YES;
				CLANG_ENABLE_OBJC_WEAK = YES;
				CLANG_WARN_BLOCK_CAPTURE_AUTORELEASING = YES;
				CLANG_WARN_BOOL_CONVERSION = YES;
				CLANG_WARN_COMMA = YES;
				CLANG_WARN_CONSTANT_CONVERSION = YES;
				CLANG_WARN_DEPRECATED_OBJC_IMPLEMENTATIONS = YES;
				CLANG_WARN_DIRECT_OBJC_ISA_USAGE = YES_ERROR;
				CLANG_WARN_DOCUMENTATION_COMMENTS = YES;
				CLANG_WARN_EMPTY_BODY = YES;
				CLANG_WARN_ENUM_CONVERSION = YES;
				CLANG_WARN_INFINITE_RECURSION = YES;
				CLANG_WARN_INT_CONVERSION = YES;
				CLANG_WARN_NON_LITERAL_NULL_CONVERSION = YES;
				CLANG_WARN_OBJC_IMPLICIT_RETAIN_SELF = YES;
				CLANG_WARN_OBJC_LITERAL_CONVERSION = YES;
				CLANG_WARN_OBJC_ROOT_CLASS = YES_ERROR;
				CLANG_WARN_QUOTED_INCLUDE_IN_FRAMEWORK_HEADER = YES;
				CLANG_WARN_RANGE_LOOP_ANALYSIS = YES;
				CLANG_WARN_STRICT_PROTOTYPES = YES;
				CLANG_WARN_SUSPICIOUS_MOVE = YES;
				CLANG_WARN_UNGUARDED_AVAILABILITY = YES_AGGRESSIVE;
				CLANG_WARN_UNREACHABLE_CODE = YES;
				CLANG_WARN__DUPLICATE_METHOD_MATCH = YES;
				COPY_PHASE_STRIP = NO;
				DEBUG_INFORMATION_FORMAT = "dwarf-with-dsym";
				ENABLE_NS_ASSERTIONS = NO;
				ENABLE_STRICT_OBJC_MSGSEND = YES;
				GCC_C_LANGUAGE_STANDARD = gnu11;
				GCC_NO_COMMON_BLOCKS = YES;
				GCC_WARN_64_TO_32_BIT_CONVERSION = YES;
				GCC_WARN_ABOUT_RETURN_TYPE = YES_ERROR;
				GCC_WARN_UNDECLARED_SELECTOR = YES;
				GCC_WARN_UNINITIALIZED_AUTOS = YES_AGGRESSIVE;
				GCC_WARN_UNUSED_FUNCTION = YES;
				GCC_WARN_UNUSED_VARIABLE = YES;
				IPHONEOS_DEPLOYMENT_TARGET = 14.0;
				MTL_ENABLE_DEBUG_INFO = NO;
				MTL_FAST_MATH = YES;
				SDKROOT = iphoneos;
				SWIFT_COMPILATION_MODE = wholemodule;
				SWIFT_OPTIMIZATION_LEVEL = "-O";
				VALIDATE_PRODUCT = YES;
			};
			name = Release;
		};
		2C49E1A5253883FD00A3146B /* Debug */ = {
			isa = XCBuildConfiguration;
			buildSettings = {
				ASSETCATALOG_COMPILER_APPICON_NAME = AppIcon;
				ASSETCATALOG_COMPILER_GLOBAL_ACCENT_COLOR_NAME = AccentColor;
				CODE_SIGN_STYLE = Automatic;
				FRAMEWORK_SEARCH_PATHS = (
					"$(inherited)",
					"$(PROJECT_DIR)/Carthage/Build/iOS",
				);
				INFOPLIST_FILE = QiitaSearch/Info.plist;
				LD_RUNPATH_SEARCH_PATHS = (
					"$(inherited)",
					"@executable_path/Frameworks",
				);
				PRODUCT_BUNDLE_IDENTIFIER = QiitaSearch.app.QiitaSearch;
				PRODUCT_NAME = "$(TARGET_NAME)";
				SWIFT_VERSION = 5.0;
				TARGETED_DEVICE_FAMILY = "1,2";
			};
			name = Debug;
		};
		2C49E1A6253883FD00A3146B /* Release */ = {
			isa = XCBuildConfiguration;
			buildSettings = {
				ASSETCATALOG_COMPILER_APPICON_NAME = AppIcon;
				ASSETCATALOG_COMPILER_GLOBAL_ACCENT_COLOR_NAME = AccentColor;
				CODE_SIGN_STYLE = Automatic;
				FRAMEWORK_SEARCH_PATHS = (
					"$(inherited)",
					"$(PROJECT_DIR)/Carthage/Build/iOS",
				);
				INFOPLIST_FILE = QiitaSearch/Info.plist;
				LD_RUNPATH_SEARCH_PATHS = (
					"$(inherited)",
					"@executable_path/Frameworks",
				);
				PRODUCT_BUNDLE_IDENTIFIER = QiitaSearch.app.QiitaSearch;
				PRODUCT_NAME = "$(TARGET_NAME)";
				SWIFT_VERSION = 5.0;
				TARGETED_DEVICE_FAMILY = "1,2";
			};
			name = Release;
		};
		2C49E1A8253883FD00A3146B /* Debug */ = {
			isa = XCBuildConfiguration;
			buildSettings = {
				ALWAYS_EMBED_SWIFT_STANDARD_LIBRARIES = YES;
				BUNDLE_LOADER = "$(TEST_HOST)";
				CODE_SIGN_STYLE = Automatic;
				INFOPLIST_FILE = QiitaSearchTests/Info.plist;
				IPHONEOS_DEPLOYMENT_TARGET = 14.0;
				LD_RUNPATH_SEARCH_PATHS = (
					"$(inherited)",
					"@executable_path/Frameworks",
					"@loader_path/Frameworks",
				);
				PRODUCT_BUNDLE_IDENTIFIER = QiitaSearch.app.QiitaSearchTests;
				PRODUCT_NAME = "$(TARGET_NAME)";
				SWIFT_VERSION = 5.0;
				TARGETED_DEVICE_FAMILY = "1,2";
				TEST_HOST = "$(BUILT_PRODUCTS_DIR)/QiitaSearch.app/QiitaSearch";
			};
			name = Debug;
		};
		2C49E1A9253883FD00A3146B /* Release */ = {
			isa = XCBuildConfiguration;
			buildSettings = {
				ALWAYS_EMBED_SWIFT_STANDARD_LIBRARIES = YES;
				BUNDLE_LOADER = "$(TEST_HOST)";
				CODE_SIGN_STYLE = Automatic;
				INFOPLIST_FILE = QiitaSearchTests/Info.plist;
				IPHONEOS_DEPLOYMENT_TARGET = 14.0;
				LD_RUNPATH_SEARCH_PATHS = (
					"$(inherited)",
					"@executable_path/Frameworks",
					"@loader_path/Frameworks",
				);
				PRODUCT_BUNDLE_IDENTIFIER = QiitaSearch.app.QiitaSearchTests;
				PRODUCT_NAME = "$(TARGET_NAME)";
				SWIFT_VERSION = 5.0;
				TARGETED_DEVICE_FAMILY = "1,2";
				TEST_HOST = "$(BUILT_PRODUCTS_DIR)/QiitaSearch.app/QiitaSearch";
			};
			name = Release;
		};
		2C49E1AB253883FD00A3146B /* Debug */ = {
			isa = XCBuildConfiguration;
			buildSettings = {
				ALWAYS_EMBED_SWIFT_STANDARD_LIBRARIES = YES;
				CODE_SIGN_STYLE = Automatic;
				INFOPLIST_FILE = QiitaSearchUITests/Info.plist;
				LD_RUNPATH_SEARCH_PATHS = (
					"$(inherited)",
					"@executable_path/Frameworks",
					"@loader_path/Frameworks",
				);
				PRODUCT_BUNDLE_IDENTIFIER = QiitaSearch.app.QiitaSearchUITests;
				PRODUCT_NAME = "$(TARGET_NAME)";
				SWIFT_VERSION = 5.0;
				TARGETED_DEVICE_FAMILY = "1,2";
				TEST_TARGET_NAME = QiitaSearch;
			};
			name = Debug;
		};
		2C49E1AC253883FD00A3146B /* Release */ = {
			isa = XCBuildConfiguration;
			buildSettings = {
				ALWAYS_EMBED_SWIFT_STANDARD_LIBRARIES = YES;
				CODE_SIGN_STYLE = Automatic;
				INFOPLIST_FILE = QiitaSearchUITests/Info.plist;
				LD_RUNPATH_SEARCH_PATHS = (
					"$(inherited)",
					"@executable_path/Frameworks",
					"@loader_path/Frameworks",
				);
				PRODUCT_BUNDLE_IDENTIFIER = QiitaSearch.app.QiitaSearchUITests;
				PRODUCT_NAME = "$(TARGET_NAME)";
				SWIFT_VERSION = 5.0;
				TARGETED_DEVICE_FAMILY = "1,2";
				TEST_TARGET_NAME = QiitaSearch;
			};
			name = Release;
		};
/* End XCBuildConfiguration section */

/* Begin XCConfigurationList section */
		2C49E175253883F700A3146B /* Build configuration list for PBXProject "QiitaSearch" */ = {
			isa = XCConfigurationList;
			buildConfigurations = (
				2C49E1A2253883FD00A3146B /* Debug */,
				2C49E1A3253883FD00A3146B /* Release */,
			);
			defaultConfigurationIsVisible = 0;
			defaultConfigurationName = Release;
		};
		2C49E1A4253883FD00A3146B /* Build configuration list for PBXNativeTarget "QiitaSearch" */ = {
			isa = XCConfigurationList;
			buildConfigurations = (
				2C49E1A5253883FD00A3146B /* Debug */,
				2C49E1A6253883FD00A3146B /* Release */,
			);
			defaultConfigurationIsVisible = 0;
			defaultConfigurationName = Release;
		};
		2C49E1A7253883FD00A3146B /* Build configuration list for PBXNativeTarget "QiitaSearchTests" */ = {
			isa = XCConfigurationList;
			buildConfigurations = (
				2C49E1A8253883FD00A3146B /* Debug */,
				2C49E1A9253883FD00A3146B /* Release */,
			);
			defaultConfigurationIsVisible = 0;
			defaultConfigurationName = Release;
		};
		2C49E1AA253883FD00A3146B /* Build configuration list for PBXNativeTarget "QiitaSearchUITests" */ = {
			isa = XCConfigurationList;
			buildConfigurations = (
				2C49E1AB253883FD00A3146B /* Debug */,
				2C49E1AC253883FD00A3146B /* Release */,
			);
			defaultConfigurationIsVisible = 0;
			defaultConfigurationName = Release;
		};
/* End XCConfigurationList section */
	};
	rootObject = 2C49E172253883F700A3146B /* Project object */;
}
